// !$*UTF8*$!
{
	archiveVersion = 1;
	classes = {
	};
	objectVersion = 50;
	objects = {

/* Begin PBXBuildFile section */
		320E4D566691EC3B6EBFAA48 /* Pods_x_sandbox.framework in Frameworks */ = {isa = PBXBuildFile; fileRef = 67430DBE275AE6BCB8F21529 /* Pods_x_sandbox.framework */; };
		776B3F93263B97CD0038EEE8 /* AppDelegate.swift in Sources */ = {isa = PBXBuildFile; fileRef = 776B3F92263B97CD0038EEE8 /* AppDelegate.swift */; };
		776B3F95263B97CD0038EEE8 /* SceneDelegate.swift in Sources */ = {isa = PBXBuildFile; fileRef = 776B3F94263B97CD0038EEE8 /* SceneDelegate.swift */; };
		776B3F97263B97CD0038EEE8 /* ViewController.swift in Sources */ = {isa = PBXBuildFile; fileRef = 776B3F96263B97CD0038EEE8 /* ViewController.swift */; };
		776B3F9A263B97CD0038EEE8 /* Main.storyboard in Resources */ = {isa = PBXBuildFile; fileRef = 776B3F98263B97CD0038EEE8 /* Main.storyboard */; };
		776B3F9C263B97D10038EEE8 /* Assets.xcassets in Resources */ = {isa = PBXBuildFile; fileRef = 776B3F9B263B97D10038EEE8 /* Assets.xcassets */; };
		776B3F9F263B97D10038EEE8 /* LaunchScreen.storyboard in Resources */ = {isa = PBXBuildFile; fileRef = 776B3F9D263B97D10038EEE8 /* LaunchScreen.storyboard */; };
/* End PBXBuildFile section */

/* Begin PBXFileReference section */
		19EADA5C4BB920C262B95520 /* Pods-x-sandbox.release.xcconfig */ = {isa = PBXFileReference; includeInIndex = 1; lastKnownFileType = text.xcconfig; name = "Pods-x-sandbox.release.xcconfig"; path = "Target Support Files/Pods-x-sandbox/Pods-x-sandbox.release.xcconfig"; sourceTree = "<group>"; };
		526D3218AE60A590845881D1 /* Pods-x-sandbox.debug.xcconfig */ = {isa = PBXFileReference; includeInIndex = 1; lastKnownFileType = text.xcconfig; name = "Pods-x-sandbox.debug.xcconfig"; path = "Target Support Files/Pods-x-sandbox/Pods-x-sandbox.debug.xcconfig"; sourceTree = "<group>"; };
		67430DBE275AE6BCB8F21529 /* Pods_x_sandbox.framework */ = {isa = PBXFileReference; explicitFileType = wrapper.framework; includeInIndex = 0; path = Pods_x_sandbox.framework; sourceTree = BUILT_PRODUCTS_DIR; };
		776B3F8F263B97CD0038EEE8 /* x-sandbox.app */ = {isa = PBXFileReference; explicitFileType = wrapper.application; includeInIndex = 0; path = "x-sandbox.app"; sourceTree = BUILT_PRODUCTS_DIR; };
		776B3F92263B97CD0038EEE8 /* AppDelegate.swift */ = {isa = PBXFileReference; lastKnownFileType = sourcecode.swift; path = AppDelegate.swift; sourceTree = "<group>"; };
		776B3F94263B97CD0038EEE8 /* SceneDelegate.swift */ = {isa = PBXFileReference; lastKnownFileType = sourcecode.swift; path = SceneDelegate.swift; sourceTree = "<group>"; };
		776B3F96263B97CD0038EEE8 /* ViewController.swift */ = {isa = PBXFileReference; lastKnownFileType = sourcecode.swift; path = ViewController.swift; sourceTree = "<group>"; };
		776B3F99263B97CD0038EEE8 /* Base */ = {isa = PBXFileReference; lastKnownFileType = file.storyboard; name = Base; path = Base.lproj/Main.storyboard; sourceTree = "<group>"; };
		776B3F9B263B97D10038EEE8 /* Assets.xcassets */ = {isa = PBXFileReference; lastKnownFileType = folder.assetcatalog; path = Assets.xcassets; sourceTree = "<group>"; };
		776B3F9E263B97D10038EEE8 /* Base */ = {isa = PBXFileReference; lastKnownFileType = file.storyboard; name = Base; path = Base.lproj/LaunchScreen.storyboard; sourceTree = "<group>"; };
		776B3FA0263B97D10038EEE8 /* Info.plist */ = {isa = PBXFileReference; lastKnownFileType = text.plist.xml; path = Info.plist; sourceTree = "<group>"; };
/* End PBXFileReference section */

/* Begin PBXFrameworksBuildPhase section */
		776B3F8C263B97CD0038EEE8 /* Frameworks */ = {
			isa = PBXFrameworksBuildPhase;
			buildActionMask = 2147483647;
			files = (
				320E4D566691EC3B6EBFAA48 /* Pods_x_sandbox.framework in Frameworks */,
			);
			runOnlyForDeploymentPostprocessing = 0;
		};
/* End PBXFrameworksBuildPhase section */

/* Begin PBXGroup section */
		776B3F86263B97CD0038EEE8 = {
			isa = PBXGroup;
			children = (
				776B3F91263B97CD0038EEE8 /* x-sandbox */,
				776B3F90263B97CD0038EEE8 /* Products */,
				92C12D9617D053166F2F95CF /* Pods */,
				FA711ED7E99F0B6263BFC6C9 /* Frameworks */,
			);
			sourceTree = "<group>";
		};
		776B3F90263B97CD0038EEE8 /* Products */ = {
			isa = PBXGroup;
			children = (
				776B3F8F263B97CD0038EEE8 /* x-sandbox.app */,
			);
			name = Products;
			sourceTree = "<group>";
		};
		776B3F91263B97CD0038EEE8 /* x-sandbox */ = {
			isa = PBXGroup;
			children = (
				776B3F92263B97CD0038EEE8 /* AppDelegate.swift */,
				776B3F94263B97CD0038EEE8 /* SceneDelegate.swift */,
				776B3F96263B97CD0038EEE8 /* ViewController.swift */,
				776B3F98263B97CD0038EEE8 /* Main.storyboard */,
				776B3F9B263B97D10038EEE8 /* Assets.xcassets */,
				776B3F9D263B97D10038EEE8 /* LaunchScreen.storyboard */,
				776B3FA0263B97D10038EEE8 /* Info.plist */,
			);
			path = "x-sandbox";
			sourceTree = "<group>";
		};
		92C12D9617D053166F2F95CF /* Pods */ = {
			isa = PBXGroup;
			children = (
				526D3218AE60A590845881D1 /* Pods-x-sandbox.debug.xcconfig */,
				19EADA5C4BB920C262B95520 /* Pods-x-sandbox.release.xcconfig */,
			);
			name = Pods;
			path = Pods;
			sourceTree = "<group>";
		};
		FA711ED7E99F0B6263BFC6C9 /* Frameworks */ = {
			isa = PBXGroup;
			children = (
				67430DBE275AE6BCB8F21529 /* Pods_x_sandbox.framework */,
			);
			name = Frameworks;
			sourceTree = "<group>";
		};
/* End PBXGroup section */

/* Begin PBXNativeTarget section */
		776B3F8E263B97CD0038EEE8 /* x-sandbox */ = {
			isa = PBXNativeTarget;
			buildConfigurationList = 776B3FA3263B97D10038EEE8 /* Build configuration list for PBXNativeTarget "x-sandbox" */;
			buildPhases = (
				EDAEC7142B43F087939CB5AB /* [CP] Check Pods Manifest.lock */,
				776B3F8B263B97CD0038EEE8 /* Sources */,
				776B3F8C263B97CD0038EEE8 /* Frameworks */,
				776B3F8D263B97CD0038EEE8 /* Resources */,
				D601A9C7DC36AACA041C871C /* [CP] Embed Pods Frameworks */,
			);
			buildRules = (
			);
			dependencies = (
			);
			name = "x-sandbox";
			productName = "x-sandbox";
			productReference = 776B3F8F263B97CD0038EEE8 /* x-sandbox.app */;
			productType = "com.apple.product-type.application";
		};
/* End PBXNativeTarget section */

/* Begin PBXProject section */
		776B3F87263B97CD0038EEE8 /* Project object */ = {
			isa = PBXProject;
			attributes = {
				LastSwiftUpdateCheck = 1250;
				LastUpgradeCheck = 1250;
				TargetAttributes = {
					776B3F8E263B97CD0038EEE8 = {
						CreatedOnToolsVersion = 12.5;
					};
				};
			};
			buildConfigurationList = 776B3F8A263B97CD0038EEE8 /* Build configuration list for PBXProject "x-sandbox" */;
			compatibilityVersion = "Xcode 9.3";
			developmentRegion = en;
			hasScannedForEncodings = 0;
			knownRegions = (
				en,
				Base,
			);
			mainGroup = 776B3F86263B97CD0038EEE8;
			productRefGroup = 776B3F90263B97CD0038EEE8 /* Products */;
			projectDirPath = "";
			projectRoot = "";
			targets = (
				776B3F8E263B97CD0038EEE8 /* x-sandbox */,
			);
		};
/* End PBXProject section */

/* Begin PBXResourcesBuildPhase section */
		776B3F8D263B97CD0038EEE8 /* Resources */ = {
			isa = PBXResourcesBuildPhase;
			buildActionMask = 2147483647;
			files = (
				776B3F9F263B97D10038EEE8 /* LaunchScreen.storyboard in Resources */,
				776B3F9C263B97D10038EEE8 /* Assets.xcassets in Resources */,
				776B3F9A263B97CD0038EEE8 /* Main.storyboard in Resources */,
			);
			runOnlyForDeploymentPostprocessing = 0;
		};
/* End PBXResourcesBuildPhase section */

/* Begin PBXShellScriptBuildPhase section */
		D601A9C7DC36AACA041C871C /* [CP] Embed Pods Frameworks */ = {
			isa = PBXShellScriptBuildPhase;
			buildActionMask = 2147483647;
			files = (
			);
			inputFileListPaths = (
				"${PODS_ROOT}/Target Support Files/Pods-x-sandbox/Pods-x-sandbox-frameworks-${CONFIGURATION}-input-files.xcfilelist",
			);
			name = "[CP] Embed Pods Frameworks";
			outputFileListPaths = (
				"${PODS_ROOT}/Target Support Files/Pods-x-sandbox/Pods-x-sandbox-frameworks-${CONFIGURATION}-output-files.xcfilelist",
			);
			runOnlyForDeploymentPostprocessing = 0;
			shellPath = /bin/sh;
			shellScript = "\"${PODS_ROOT}/Target Support Files/Pods-x-sandbox/Pods-x-sandbox-frameworks.sh\"\n";
			showEnvVarsInLog = 0;
		};
		EDAEC7142B43F087939CB5AB /* [CP] Check Pods Manifest.lock */ = {
			isa = PBXShellScriptBuildPhase;
			buildActionMask = 2147483647;
			files = (
			);
			inputFileListPaths = (
			);
			inputPaths = (
				"${PODS_PODFILE_DIR_PATH}/Podfile.lock",
				"${PODS_ROOT}/Manifest.lock",
			);
			name = "[CP] Check Pods Manifest.lock";
			outputFileListPaths = (
			);
			outputPaths = (
				"$(DERIVED_FILE_DIR)/Pods-x-sandbox-checkManifestLockResult.txt",
			);
			runOnlyForDeploymentPostprocessing = 0;
			shellPath = /bin/sh;
			shellScript = "diff \"${PODS_PODFILE_DIR_PATH}/Podfile.lock\" \"${PODS_ROOT}/Manifest.lock\" > /dev/null\nif [ $? != 0 ] ; then\n    # print error to STDERR\n    echo \"error: The sandbox is not in sync with the Podfile.lock. Run 'pod install' or update your CocoaPods installation.\" >&2\n    exit 1\nfi\n# This output is used by Xcode 'outputs' to avoid re-running this script phase.\necho \"SUCCESS\" > \"${SCRIPT_OUTPUT_FILE_0}\"\n";
			showEnvVarsInLog = 0;
		};
/* End PBXShellScriptBuildPhase section */

/* Begin PBXSourcesBuildPhase section */
		776B3F8B263B97CD0038EEE8 /* Sources */ = {
			isa = PBXSourcesBuildPhase;
			buildActionMask = 2147483647;
			files = (
				776B3F97263B97CD0038EEE8 /* ViewController.swift in Sources */,
				776B3F93263B97CD0038EEE8 /* AppDelegate.swift in Sources */,
				776B3F95263B97CD0038EEE8 /* SceneDelegate.swift in Sources */,
			);
			runOnlyForDeploymentPostprocessing = 0;
		};
/* End PBXSourcesBuildPhase section */

/* Begin PBXVariantGroup section */
		776B3F98263B97CD0038EEE8 /* Main.storyboard */ = {
			isa = PBXVariantGroup;
			children = (
				776B3F99263B97CD0038EEE8 /* Base */,
			);
			name = Main.storyboard;
			sourceTree = "<group>";
		};
		776B3F9D263B97D10038EEE8 /* LaunchScreen.storyboard */ = {
			isa = PBXVariantGroup;
			children = (
				776B3F9E263B97D10038EEE8 /* Base */,
			);
			name = LaunchScreen.storyboard;
			sourceTree = "<group>";
		};
/* End PBXVariantGroup section */

/* Begin XCBuildConfiguration section */
		776B3FA1263B97D10038EEE8 /* Debug */ = {
			isa = XCBuildConfiguration;
			buildSettings = {
				ALWAYS_SEARCH_USER_PATHS = NO;
				CLANG_ANALYZER_NONNULL = YES;
				CLANG_ANALYZER_NUMBER_OBJECT_CONVERSION = YES_AGGRESSIVE;
				CLANG_CXX_LANGUAGE_STANDARD = "gnu++14";
				CLANG_CXX_LIBRARY = "libc++";
				CLANG_ENABLE_MODULES = YES;
				CLANG_ENABLE_OBJC_ARC = YES;
				CLANG_ENABLE_OBJC_WEAK = YES;
				CLANG_WARN_BLOCK_CAPTURE_AUTORELEASING = YES;
				CLANG_WARN_BOOL_CONVERSION = YES;
				CLANG_WARN_COMMA = YES;
				CLANG_WARN_CONSTANT_CONVERSION = YES;
				CLANG_WARN_DEPRECATED_OBJC_IMPLEMENTATIONS = YES;
				CLANG_WARN_DIRECT_OBJC_ISA_USAGE = YES_ERROR;
				CLANG_WARN_DOCUMENTATION_COMMENTS = YES;
				CLANG_WARN_EMPTY_BODY = YES;
				CLANG_WARN_ENUM_CONVERSION = YES;
				CLANG_WARN_INFINITE_RECURSION = YES;
				CLANG_WARN_INT_CONVERSION = YES;
				CLANG_WARN_NON_LITERAL_NULL_CONVERSION = YES;
				CLANG_WARN_OBJC_IMPLICIT_RETAIN_SELF = YES;
				CLANG_WARN_OBJC_LITERAL_CONVERSION = YES;
				CLANG_WARN_OBJC_ROOT_CLASS = YES_ERROR;
				CLANG_WARN_QUOTED_INCLUDE_IN_FRAMEWORK_HEADER = YES;
				CLANG_WARN_RANGE_LOOP_ANALYSIS = YES;
				CLANG_WARN_STRICT_PROTOTYPES = YES;
				CLANG_WARN_SUSPICIOUS_MOVE = YES;
				CLANG_WARN_UNGUARDED_AVAILABILITY = YES_AGGRESSIVE;
				CLANG_WARN_UNREACHABLE_CODE = YES;
				CLANG_WARN__DUPLICATE_METHOD_MATCH = YES;
				COPY_PHASE_STRIP = NO;
				DEBUG_INFORMATION_FORMAT = dwarf;
				ENABLE_STRICT_OBJC_MSGSEND = YES;
				ENABLE_TESTABILITY = YES;
				GCC_C_LANGUAGE_STANDARD = gnu11;
				GCC_DYNAMIC_NO_PIC = NO;
				GCC_NO_COMMON_BLOCKS = YES;
				GCC_OPTIMIZATION_LEVEL = 0;
				GCC_PREPROCESSOR_DEFINITIONS = (
					"DEBUG=1",
					"$(inherited)",
				);
				GCC_WARN_64_TO_32_BIT_CONVERSION = YES;
				GCC_WARN_ABOUT_RETURN_TYPE = YES_ERROR;
				GCC_WARN_UNDECLARED_SELECTOR = YES;
				GCC_WARN_UNINITIALIZED_AUTOS = YES_AGGRESSIVE;
				GCC_WARN_UNUSED_FUNCTION = YES;
				GCC_WARN_UNUSED_VARIABLE = YES;
				IPHONEOS_DEPLOYMENT_TARGET = 14.1;
				MTL_ENABLE_DEBUG_INFO = INCLUDE_SOURCE;
				MTL_FAST_MATH = YES;
				ONLY_ACTIVE_ARCH = YES;
				SDKROOT = iphoneos;
				SWIFT_ACTIVE_COMPILATION_CONDITIONS = DEBUG;
				SWIFT_OPTIMIZATION_LEVEL = "-Onone";
			};
			name = Debug;
		};
		776B3FA2263B97D10038EEE8 /* Release */ = {
			isa = XCBuildConfiguration;
			buildSettings = {
				ALWAYS_SEARCH_USER_PATHS = NO;
				CLANG_ANALYZER_NONNULL = YES;
				CLANG_ANALYZER_NUMBER_OBJECT_CONVERSION = YES_AGGRESSIVE;
				CLANG_CXX_LANGUAGE_STANDARD = "gnu++14";
				CLANG_CXX_LIBRARY = "libc++";
				CLANG_ENABLE_MODULES = YES;
				CLANG_ENABLE_OBJC_ARC = YES;
				CLANG_ENABLE_OBJC_WEAK = YES;
				CLANG_WARN_BLOCK_CAPTURE_AUTORELEASING = YES;
				CLANG_WARN_BOOL_CONVERSION = YES;
				CLANG_WARN_COMMA = YES;
				CLANG_WARN_CONSTANT_CONVERSION = YES;
				CLANG_WARN_DEPRECATED_OBJC_IMPLEMENTATIONS = YES;
				CLANG_WARN_DIRECT_OBJC_ISA_USAGE = YES_ERROR;
				CLANG_WARN_DOCUMENTATION_COMMENTS = YES;
				CLANG_WARN_EMPTY_BODY = YES;
				CLANG_WARN_ENUM_CONVERSION = YES;
				CLANG_WARN_INFINITE_RECURSION = YES;
				CLANG_WARN_INT_CONVERSION = YES;
				CLANG_WARN_NON_LITERAL_NULL_CONVERSION = YES;
				CLANG_WARN_OBJC_IMPLICIT_RETAIN_SELF = YES;
				CLANG_WARN_OBJC_LITERAL_CONVERSION = YES;
				CLANG_WARN_OBJC_ROOT_CLASS = YES_ERROR;
				CLANG_WARN_QUOTED_INCLUDE_IN_FRAMEWORK_HEADER = YES;
				CLANG_WARN_RANGE_LOOP_ANALYSIS = YES;
				CLANG_WARN_STRICT_PROTOTYPES = YES;
				CLANG_WARN_SUSPICIOUS_MOVE = YES;
				CLANG_WARN_UNGUARDED_AVAILABILITY = YES_AGGRESSIVE;
				CLANG_WARN_UNREACHABLE_CODE = YES;
				CLANG_WARN__DUPLICATE_METHOD_MATCH = YES;
				COPY_PHASE_STRIP = NO;
				DEBUG_INFORMATION_FORMAT = "dwarf-with-dsym";
				ENABLE_NS_ASSERTIONS = NO;
				ENABLE_STRICT_OBJC_MSGSEND = YES;
				GCC_C_LANGUAGE_STANDARD = gnu11;
				GCC_NO_COMMON_BLOCKS = YES;
				GCC_WARN_64_TO_32_BIT_CONVERSION = YES;
				GCC_WARN_ABOUT_RETURN_TYPE = YES_ERROR;
				GCC_WARN_UNDECLARED_SELECTOR = YES;
				GCC_WARN_UNINITIALIZED_AUTOS = YES_AGGRESSIVE;
				GCC_WARN_UNUSED_FUNCTION = YES;
				GCC_WARN_UNUSED_VARIABLE = YES;
				IPHONEOS_DEPLOYMENT_TARGET = 14.1;
				MTL_ENABLE_DEBUG_INFO = NO;
				MTL_FAST_MATH = YES;
				SDKROOT = iphoneos;
				SWIFT_COMPILATION_MODE = wholemodule;
				SWIFT_OPTIMIZATION_LEVEL = "-O";
				VALIDATE_PRODUCT = YES;
			};
			name = Release;
		};
		776B3FA4263B97D10038EEE8 /* Debug */ = {
			isa = XCBuildConfiguration;
			baseConfigurationReference = 526D3218AE60A590845881D1 /* Pods-x-sandbox.debug.xcconfig */;
			buildSettings = {
				ASSETCATALOG_COMPILER_APPICON_NAME = AppIcon;
				ASSETCATALOG_COMPILER_GLOBAL_ACCENT_COLOR_NAME = AccentColor;
				CODE_SIGN_STYLE = Automatic;
				INFOPLIST_FILE = "x-sandbox/Info.plist";
				IPHONEOS_DEPLOYMENT_TARGET = 14.1;
				LD_RUNPATH_SEARCH_PATHS = (
					"$(inherited)",
					"@executable_path/Frameworks",
				);
				PRODUCT_BUNDLE_IDENTIFIER = "xyz.anzfactory.x-sandbox";
				PRODUCT_NAME = "$(TARGET_NAME)";
				SWIFT_VERSION = 5.0;
				TARGETED_DEVICE_FAMILY = "1,2";
			};
			name = Debug;
		};
		776B3FA5263B97D10038EEE8 /* Release */ = {
			isa = XCBuildConfiguration;
			baseConfigurationReference = 19EADA5C4BB920C262B95520 /* Pods-x-sandbox.release.xcconfig */;
			buildSettings = {
				ASSETCATALOG_COMPILER_APPICON_NAME = AppIcon;
				ASSETCATALOG_COMPILER_GLOBAL_ACCENT_COLOR_NAME = AccentColor;
				CODE_SIGN_STYLE = Automatic;
				INFOPLIST_FILE = "x-sandbox/Info.plist";
				IPHONEOS_DEPLOYMENT_TARGET = 14.1;
				LD_RUNPATH_SEARCH_PATHS = (
					"$(inherited)",
					"@executable_path/Frameworks",
				);
				PRODUCT_BUNDLE_IDENTIFIER = "xyz.anzfactory.x-sandbox";
				PRODUCT_NAME = "$(TARGET_NAME)";
				SWIFT_VERSION = 5.0;
				TARGETED_DEVICE_FAMILY = "1,2";
			};
			name = Release;
		};
/* End XCBuildConfiguration section */

/* Begin XCConfigurationList section */
		776B3F8A263B97CD0038EEE8 /* Build configuration list for PBXProject "x-sandbox" */ = {
			isa = XCConfigurationList;
			buildConfigurations = (
				776B3FA1263B97D10038EEE8 /* Debug */,
				776B3FA2263B97D10038EEE8 /* Release */,
			);
			defaultConfigurationIsVisible = 0;
			defaultConfigurationName = Release;
		};
		776B3FA3263B97D10038EEE8 /* Build configuration list for PBXNativeTarget "x-sandbox" */ = {
			isa = XCConfigurationList;
			buildConfigurations = (
				776B3FA4263B97D10038EEE8 /* Debug */,
				776B3FA5263B97D10038EEE8 /* Release */,
			);
			defaultConfigurationIsVisible = 0;
			defaultConfigurationName = Release;
		};
/* End XCConfigurationList section */
	};
	rootObject = 776B3F87263B97CD0038EEE8 /* Project object */;
}
